{
  "nodes": {
    "nixpkgs": {
      "locked": {
        "lastModified": 1772316633,
        "narHash": "sha256-5C7LWLqS2iiCO4hh5IwaanltYtvp9BrBpkAWZpiRJdY=",
        "owner": "NixOS",
        "repo": "nixpkgs",
        "rev": "0c3eea980910249d04642d529bf6d0db6e32cbbf",
        "type": "github"
      },
      "original": {
        "owner": "NixOS",
        "ref": "master",
        "repo": "nixpkgs",
        "type": "github"
      }
    },
    "root": {
      "inputs": {
        "nixpkgs": "nixpkgs"
      }
    }
  },
  "root": "root",
  "version": 7
}
